
Microsoft Visual Studio Solution File, Format Version 12.00
# Visual Studio 15
VisualStudioVersion = 15.0.26228.10
MinimumVisualStudioVersion = 10.0.40219.1
Project("{FAE04EC0-301F-11D3-BF4B-00C04F79EFBC}") = "BookingApp", "BookingApp\BookingApp.csproj", "{9EB8137F-9951-4C78-92C4-1256B463EB9B}"
EndProject
Project("{FAE04EC0-301F-11D3-BF4B-00C04F79EFBC}") = "BookingApp.Test", "BookingApp.Test\BookingApp.Test.csproj", "{9A46C77B-3F32-47FB-8CEE-3CC52B2F2C50}"
EndProject
Project("{FAE04EC0-301F-11D3-BF4B-00C04F79EFBC}") = "BookingApp.Web", "BookingApp.Web\BookingApp.Web.csproj", "{0F206C30-5EF6-4BE9-AB7E-EEB2325D0651}"
EndProject
Global
	GlobalSection(SolutionConfigurationPlatforms) = preSolution
		Debug|Any CPU = Debug|Any CPU
		Release|Any CPU = Release|Any CPU
	EndGlobalSection
	GlobalSection(ProjectConfigurationPlatforms) = postSolution
		{9EB8137F-9951-4C78-92C4-1256B463EB9B}.Debug|Any CPU.ActiveCfg = Debug|Any CPU
		{9EB8137F-9951-4C78-92C4-1256B463EB9B}.Debug|Any CPU.Build.0 = Debug|Any CPU
		{9EB8137F-9951-4C78-92C4-1256B463EB9B}.Release|Any CPU.ActiveCfg = Release|Any CPU
		{9EB8137F-9951-4C78-92C4-1256B463EB9B}.Release|Any CPU.Build.0 = Release|Any CPU
		{9A46C77B-3F32-47FB-8CEE-3CC52B2F2C50}.Debug|Any CPU.ActiveCfg = Debug|Any CPU
		{9A46C77B-3F32-47FB-8CEE-3CC52B2F2C50}.Debug|Any CPU.Build.0 = Debug|Any CPU
		{9A46C77B-3F32-47FB-8CEE-3CC52B2F2C50}.Release|Any CPU.ActiveCfg = Release|Any CPU
		{9A46C77B-3F32-47FB-8CEE-3CC52B2F2C50}.Release|Any CPU.Build.0 = Release|Any CPU
		{0F206C30-5EF6-4BE9-AB7E-EEB2325D0651}.Debug|Any CPU.ActiveCfg = Debug|Any CPU
		{0F206C30-5EF6-4BE9-AB7E-EEB2325D0651}.Debug|Any CPU.Build.0 = Debug|Any CPU
		{0F206C30-5EF6-4BE9-AB7E-EEB2325D0651}.Release|Any CPU.ActiveCfg = Release|Any CPU
		{0F206C30-5EF6-4BE9-AB7E-EEB2325D0651}.Release|Any CPU.Build.0 = Release|Any CPU
	EndGlobalSection
	GlobalSection(SolutionProperties) = preSolution
		HideSolutionNode = FALSE
	EndGlobalSection
	GlobalSection(ExtensibilityGlobals) = postSolution
		SolutionGuid = {ED336B97-7D97-45DE-8FC2-944AFEBFC33B}
	EndGlobalSection
EndGlobal
